// !$*UTF8*$!
{
	archiveVersion = 1;
	classes = {
	};
	objectVersion = 77;
	objects = {

/* Begin PBXBuildFile section */
		D22FC6802F697C4E00A8805D /* FirebaseAuth in Frameworks */ = {isa = PBXBuildFile; productRef = D22FC67F2F697C4E00A8805D /* FirebaseAuth */; };
		D22FC6822F697C5700A8805D /* FirebaseFirestore in Frameworks */ = {isa = PBXBuildFile; productRef = D22FC6812F697C5700A8805D /* FirebaseFirestore */; };
		D22FC6842F697C5C00A8805D /* FirebaseStorage in Frameworks */ = {isa = PBXBuildFile; productRef = D22FC6832F697C5C00A8805D /* FirebaseStorage */; };
/* End PBXBuildFile section */

/* Begin PBXContainerItemProxy section */
		E1C958622F63C8A00078F1E4 /* PBXContainerItemProxy */ = {
			isa = PBXContainerItemProxy;
			containerPortal = E1C9584C2F63C89D0078F1E4 /* Project object */;
			proxyType = 1;
			remoteGlobalIDString = E1C958532F63C89D0078F1E4;
			remoteInfo = SmartPhotoSearch;
		};
		E1C9586C2F63C8A00078F1E4 /* PBXContainerItemProxy */ = {
			isa = PBXContainerItemProxy;
			containerPortal = E1C9584C2F63C89D0078F1E4 /* Project object */;
			proxyType = 1;
			remoteGlobalIDString = E1C958532F63C89D0078F1E4;
			remoteInfo = SmartPhotoSearch;
		};
/* End PBXContainerItemProxy section */

/* Begin PBXFileReference section */
		E1C958542F63C89D0078F1E4 /* SmartPhotoSearch.app */ = {isa = PBXFileReference; explicitFileType = wrapper.application; includeInIndex = 0; path = SmartPhotoSearch.app; sourceTree = BUILT_PRODUCTS_DIR; };
		E1C958612F63C8A00078F1E4 /* SmartPhotoSearchTests.xctest */ = {isa = PBXFileReference; explicitFileType = wrapper.cfbundle; includeInIndex = 0; path = SmartPhotoSearchTests.xctest; sourceTree = BUILT_PRODUCTS_DIR; };
		E1C9586B2F63C8A00078F1E4 /* SmartPhotoSearchUITests.xctest */ = {isa = PBXFileReference; explicitFileType = wrapper.cfbundle; includeInIndex = 0; path = SmartPhotoSearchUITests.xctest; sourceTree = BUILT_PRODUCTS_DIR; };
/* End PBXFileReference section */

/* Begin PBXFileSystemSynchronizedBuildFileExceptionSet section */
		D22FC6462F693A0900A8805D /* Exceptions for "SmartPhotoSearch" folder in "SmartPhotoSearch" target */ = {
			isa = PBXFileSystemSynchronizedBuildFileExceptionSet;
			membershipExceptions = (
				Info.plist,
			);
			target = E1C958532F63C89D0078F1E4 /* SmartPhotoSearch */;
		};
/* End PBXFileSystemSynchronizedBuildFileExceptionSet section */

/* Begin PBXFileSystemSynchronizedRootGroup section */
		E1C958562F63C89D0078F1E4 /* SmartPhotoSearch */ = {
			isa = PBXFileSystemSynchronizedRootGroup;
			exceptions = (
				D22FC6462F693A0900A8805D /* Exceptions for "SmartPhotoSearch" folder in "SmartPhotoSearch" target */,
			);
			path = SmartPhotoSearch;
			sourceTree = "<group>";
		};
		E1C958642F63C8A00078F1E4 /* SmartPhotoSearchTests */ = {
			isa = PBXFileSystemSynchronizedRootGroup;
			path = SmartPhotoSearchTests;
			sourceTree = "<group>";
		};
		E1C9586E2F63C8A00078F1E4 /* SmartPhotoSearchUITests */ = {
			isa = PBXFileSystemSynchronizedRootGroup;
			path = SmartPhotoSearchUITests;
			sourceTree = "<group>";
		};
/* End PBXFileSystemSynchronizedRootGroup section */

/* Begin PBXFrameworksBuildPhase section */
		E1C958512F63C89D0078F1E4 /* Frameworks */ = {
			isa = PBXFrameworksBuildPhase;
			buildActionMask = 2147483647;
			files = (
				D22FC6802F697C4E00A8805D /* FirebaseAuth in Frameworks */,
				D22FC6822F697C5700A8805D /* FirebaseFirestore in Frameworks */,
				D22FC6842F697C5C00A8805D /* FirebaseStorage in Frameworks */,
			);
			runOnlyForDeploymentPostprocessing = 0;
		};
		E1C9585E2F63C8A00078F1E4 /* Frameworks */ = {
			isa = PBXFrameworksBuildPhase;
			buildActionMask = 2147483647;
			files = (
			);
			runOnlyForDeploymentPostprocessing = 0;
		};
		E1C958682F63C8A00078F1E4 /* Frameworks */ = {
			isa = PBXFrameworksBuildPhase;
			buildActionMask = 2147483647;
			files = (
			);
			runOnlyForDeploymentPostprocessing = 0;
		};
/* End PBXFrameworksBuildPhase section */

/* Begin PBXGroup section */
		D22FC67E2F697C4E00A8805D /* Frameworks */ = {
			isa = PBXGroup;
			children = (
			);
			name = Frameworks;
			sourceTree = "<group>";
		};
		E1C9584B2F63C89D0078F1E4 = {
			isa = PBXGroup;
			children = (
				E1C958562F63C89D0078F1E4 /* SmartPhotoSearch */,
				E1C958642F63C8A00078F1E4 /* SmartPhotoSearchTests */,
				E1C9586E2F63C8A00078F1E4 /* SmartPhotoSearchUITests */,
				D22FC67E2F697C4E00A8805D /* Frameworks */,
				E1C958552F63C89D0078F1E4 /* Products */,
			);
			sourceTree = "<group>";
		};
		E1C958552F63C89D0078F1E4 /* Products */ = {
			isa = PBXGroup;
			children = (
				E1C958542F63C89D0078F1E4 /* SmartPhotoSearch.app */,
				E1C958612F63C8A00078F1E4 /* SmartPhotoSearchTests.xctest */,
				E1C9586B2F63C8A00078F1E4 /* SmartPhotoSearchUITests.xctest */,
			);
			name = Products;
			sourceTree = "<group>";
		};
/* End PBXGroup section */

/* Begin PBXNativeTarget section */
		E1C958532F63C89D0078F1E4 /* SmartPhotoSearch */ = {
			isa = PBXNativeTarget;
			buildConfigurationList = E1C958752F63C8A00078F1E4 /* Build configuration list for PBXNativeTarget "SmartPhotoSearch" */;
			buildPhases = (
				E1C958502F63C89D0078F1E4 /* Sources */,
				E1C958512F63C89D0078F1E4 /* Frameworks */,
				E1C958522F63C89D0078F1E4 /* Resources */,
			);
			buildRules = (
			);
			dependencies = (
			);
			fileSystemSynchronizedGroups = (
				E1C958562F63C89D0078F1E4 /* SmartPhotoSearch */,
			);
			name = SmartPhotoSearch;
			packageProductDependencies = (
				D22FC67F2F697C4E00A8805D /* FirebaseAuth */,
				D22FC6812F697C5700A8805D /* FirebaseFirestore */,
				D22FC6832F697C5C00A8805D /* FirebaseStorage */,
			);
			productName = SmartPhotoSearch;
			productReference = E1C958542F63C89D0078F1E4 /* SmartPhotoSearch.app */;
			productType = "com.apple.product-type.application";
		};
		E1C958602F63C8A00078F1E4 /* SmartPhotoSearchTests */ = {
			isa = PBXNativeTarget;
			buildConfigurationList = E1C958782F63C8A00078F1E4 /* Build configuration list for PBXNativeTarget "SmartPhotoSearchTests" */;
			buildPhases = (
				E1C9585D2F63C8A00078F1E4 /* Sources */,
				E1C9585E2F63C8A00078F1E4 /* Frameworks */,
				E1C9585F2F63C8A00078F1E4 /* Resources */,
			);
			buildRules = (
			);
			dependencies = (
				E1C958632F63C8A00078F1E4 /* PBXTargetDependency */,
			);
			fileSystemSynchronizedGroups = (
				E1C958642F63C8A00078F1E4 /* SmartPhotoSearchTests */,
			);
			name = SmartPhotoSearchTests;
			packageProductDependencies = (
			);
			productName = SmartPhotoSearchTests;
			productReference = E1C958612F63C8A00078F1E4 /* SmartPhotoSearchTests.xctest */;
			productType = "com.apple.product-type.bundle.unit-test";
		};
		E1C9586A2F63C8A00078F1E4 /* SmartPhotoSearchUITests */ = {
			isa = PBXNativeTarget;
			buildConfigurationList = E1C9587B2F63C8A00078F1E4 /* Build configuration list for PBXNativeTarget "SmartPhotoSearchUITests" */;
			buildPhases = (
				E1C958672F63C8A00078F1E4 /* Sources */,
				E1C958682F63C8A00078F1E4 /* Frameworks */,
				E1C958692F63C8A00078F1E4 /* Resources */,
			);
			buildRules = (
			);
			dependencies = (
				E1C9586D2F63C8A00078F1E4 /* PBXTargetDependency */,
			);
			fileSystemSynchronizedGroups = (
				E1C9586E2F63C8A00078F1E4 /* SmartPhotoSearchUITests */,
			);
			name = SmartPhotoSearchUITests;
			packageProductDependencies = (
			);
			productName = SmartPhotoSearchUITests;
			productReference = E1C9586B2F63C8A00078F1E4 /* SmartPhotoSearchUITests.xctest */;
			productType = "com.apple.product-type.bundle.ui-testing";
		};
/* End PBXNativeTarget section */

/* Begin PBXProject section */
		E1C9584C2F63C89D0078F1E4 /* Project object */ = {
			isa = PBXProject;
			attributes = {
				BuildIndependentTargetsInParallel = 1;
				LastSwiftUpdateCheck = 2630;
				LastUpgradeCheck = 2630;
				TargetAttributes = {
					E1C958532F63C89D0078F1E4 = {
						CreatedOnToolsVersion = 26.3;
					};
					E1C958602F63C8A00078F1E4 = {
						CreatedOnToolsVersion = 26.3;
						TestTargetID = E1C958532F63C89D0078F1E4;
					};
					E1C9586A2F63C8A00078F1E4 = {
						CreatedOnToolsVersion = 26.3;
						TestTargetID = E1C958532F63C89D0078F1E4;
					};
				};
			};
			buildConfigurationList = E1C9584F2F63C89D0078F1E4 /* Build configuration list for PBXProject "SmartPhotoSearch" */;
			developmentRegion = en;
			hasScannedForEncodings = 0;
			knownRegions = (
				en,
				Base,
			);
			mainGroup = E1C9584B2F63C89D0078F1E4;
			minimizedProjectReferenceProxies = 1;
			packageReferences = (
				D22FC67D2F697BC700A8805D /* XCRemoteSwiftPackageReference "firebase-ios-sdk" */,
			);
			preferredProjectObjectVersion = 77;
			productRefGroup = E1C958552F63C89D0078F1E4 /* Products */;
			projectDirPath = "";
			projectRoot = "";
			targets = (
				E1C958532F63C89D0078F1E4 /* SmartPhotoSearch */,
				E1C958602F63C8A00078F1E4 /* SmartPhotoSearchTests */,
				E1C9586A2F63C8A00078F1E4 /* SmartPhotoSearchUITests */,
			);
		};
/* End PBXProject section */

/* Begin PBXResourcesBuildPhase section */
		E1C958522F63C89D0078F1E4 /* Resources */ = {
			isa = PBXResourcesBuildPhase;
			buildActionMask = 2147483647;
			files = (
			);
			runOnlyForDeploymentPostprocessing = 0;
		};
		E1C9585F2F63C8A00078F1E4 /* Resources */ = {
			isa = PBXResourcesBuildPhase;
			buildActionMask = 2147483647;
			files = (
			);
			runOnlyForDeploymentPostprocessing = 0;
		};
		E1C958692F63C8A00078F1E4 /* Resources */ = {
			isa = PBXResourcesBuildPhase;
			buildActionMask = 2147483647;
			files = (
			);
			runOnlyForDeploymentPostprocessing = 0;
		};
/* End PBXResourcesBuildPhase section */

/* Begin PBXSourcesBuildPhase section */
		E1C958502F63C89D0078F1E4 /* Sources */ = {
			isa = PBXSourcesBuildPhase;
			buildActionMask = 2147483647;
			files = (
			);
			runOnlyForDeploymentPostprocessing = 0;
		};
		E1C9585D2F63C8A00078F1E4 /* Sources */ = {
			isa = PBXSourcesBuildPhase;
			buildActionMask = 2147483647;
			files = (
			);
			runOnlyForDeploymentPostprocessing = 0;
		};
		E1C958672F63C8A00078F1E4 /* Sources */ = {
			isa = PBXSourcesBuildPhase;
			buildActionMask = 2147483647;
			files = (
			);
			runOnlyForDeploymentPostprocessing = 0;
		};
/* End PBXSourcesBuildPhase section */

/* Begin PBXTargetDependency section */
		E1C958632F63C8A00078F1E4 /* PBXTargetDependency */ = {
			isa = PBXTargetDependency;
			target = E1C958532F63C89D0078F1E4 /* SmartPhotoSearch */;
			targetProxy = E1C958622F63C8A00078F1E4 /* PBXContainerItemProxy */;
		};
		E1C9586D2F63C8A00078F1E4 /* PBXTargetDependency */ = {
			isa = PBXTargetDependency;
			target = E1C958532F63C89D0078F1E4 /* SmartPhotoSearch */;
			targetProxy = E1C9586C2F63C8A00078F1E4 /* PBXContainerItemProxy */;
		};
/* End PBXTargetDependency section */

/* Begin XCBuildConfiguration section */
		E1C958732F63C8A00078F1E4 /* Debug */ = {
			isa = XCBuildConfiguration;
			buildSettings = {
				ALWAYS_SEARCH_USER_PATHS = NO;
				ASSETCATALOG_COMPILER_GENERATE_SWIFT_ASSET_SYMBOL_EXTENSIONS = YES;
				CLANG_ANALYZER_NONNULL = YES;
				CLANG_ANALYZER_NUMBER_OBJECT_CONVERSION = YES_AGGRESSIVE;
				CLANG_CXX_LANGUAGE_STANDARD = "gnu++20";
				CLANG_ENABLE_MODULES = YES;
				CLANG_ENABLE_OBJC_ARC = YES;
				CLANG_ENABLE_OBJC_WEAK = YES;
				CLANG_WARN_BLOCK_CAPTURE_AUTORELEASING = YES;
				CLANG_WARN_BOOL_CONVERSION = YES;
				CLANG_WARN_COMMA = YES;
				CLANG_WARN_CONSTANT_CONVERSION = YES;
				CLANG_WARN_DEPRECATED_OBJC_IMPLEMENTATIONS = YES;
				CLANG_WARN_DIRECT_OBJC_ISA_USAGE = YES_ERROR;
				CLANG_WARN_DOCUMENTATION_COMMENTS = YES;
				CLANG_WARN_EMPTY_BODY = YES;
				CLANG_WARN_ENUM_CONVERSION = YES;
				CLANG_WARN_INFINITE_RECURSION = YES;
				CLANG_WARN_INT_CONVERSION = YES;
				CLANG_WARN_NON_LITERAL_NULL_CONVERSION = YES;
				CLANG_WARN_OBJC_IMPLICIT_RETAIN_SELF = YES;
				CLANG_WARN_OBJC_LITERAL_CONVERSION = YES;
				CLANG_WARN_OBJC_ROOT_CLASS = YES_ERROR;
				CLANG_WARN_QUOTED_INCLUDE_IN_FRAMEWORK_HEADER = YES;
				CLANG_WARN_RANGE_LOOP_ANALYSIS = YES;
				CLANG_WARN_STRICT_PROTOTYPES = YES;
				CLANG_WARN_SUSPICIOUS_MOVE = YES;
				CLANG_WARN_UNGUARDED_AVAILABILITY = YES_AGGRESSIVE;
				CLANG_WARN_UNREACHABLE_CODE = YES;
				CLANG_WARN__DUPLICATE_METHOD_MATCH = YES;
				COPY_PHASE_STRIP = NO;
				DEBUG_INFORMATION_FORMAT = dwarf;
				ENABLE_STRICT_OBJC_MSGSEND = YES;
				ENABLE_TESTABILITY = YES;
				ENABLE_USER_SCRIPT_SANDBOXING = YES;
				GCC_C_LANGUAGE_STANDARD = gnu17;
				GCC_DYNAMIC_NO_PIC = NO;
				GCC_NO_COMMON_BLOCKS = YES;
				GCC_OPTIMIZATION_LEVEL = 0;
				GCC_PREPROCESSOR_DEFINITIONS = (
					"DEBUG=1",
					"$(inherited)",
				);
				GCC_WARN_64_TO_32_BIT_CONVERSION = YES;
				GCC_WARN_ABOUT_RETURN_TYPE = YES_ERROR;
				GCC_WARN_UNDECLARED_SELECTOR = YES;
				GCC_WARN_UNINITIALIZED_AUTOS = YES_AGGRESSIVE;
				GCC_WARN_UNUSED_FUNCTION = YES;
				GCC_WARN_UNUSED_VARIABLE = YES;
				IPHONEOS_DEPLOYMENT_TARGET = 26.2;
				LOCALIZATION_PREFERS_STRING_CATALOGS = YES;
				MTL_ENABLE_DEBUG_INFO = INCLUDE_SOURCE;
				MTL_FAST_MATH = YES;
				ONLY_ACTIVE_ARCH = YES;
				SDKROOT = iphoneos;
				SWIFT_ACTIVE_COMPILATION_CONDITIONS = "DEBUG $(inherited)";
				SWIFT_OPTIMIZATION_LEVEL = "-Onone";
			};
			name = Debug;
		};
		E1C958742F63C8A00078F1E4 /* Release */ = {
			isa = XCBuildConfiguration;
			buildSettings = {
				ALWAYS_SEARCH_USER_PATHS = NO;
				ASSETCATALOG_COMPILER_GENERATE_SWIFT_ASSET_SYMBOL_EXTENSIONS = YES;
				CLANG_ANALYZER_NONNULL = YES;
				CLANG_ANALYZER_NUMBER_OBJECT_CONVERSION = YES_AGGRESSIVE;
				CLANG_CXX_LANGUAGE_STANDARD = "gnu++20";
				CLANG_ENABLE_MODULES = YES;
				CLANG_ENABLE_OBJC_ARC = YES;
				CLANG_ENABLE_OBJC_WEAK = YES;
				CLANG_WARN_BLOCK_CAPTURE_AUTORELEASING = YES;
				CLANG_WARN_BOOL_CONVERSION = YES;
				CLANG_WARN_COMMA = YES;
				CLANG_WARN_CONSTANT_CONVERSION = YES;
				CLANG_WARN_DEPRECATED_OBJC_IMPLEMENTATIONS = YES;
				CLANG_WARN_DIRECT_OBJC_ISA_USAGE = YES_ERROR;
				CLANG_WARN_DOCUMENTATION_COMMENTS = YES;
				CLANG_WARN_EMPTY_BODY = YES;
				CLANG_WARN_ENUM_CONVERSION = YES;
				CLANG_WARN_INFINITE_RECURSION = YES;
				CLANG_WARN_INT_CONVERSION = YES;
				CLANG_WARN_NON_LITERAL_NULL_CONVERSION = YES;
				CLANG_WARN_OBJC_IMPLICIT_RETAIN_SELF = YES;
				CLANG_WARN_OBJC_LITERAL_CONVERSION = YES;
				CLANG_WARN_OBJC_ROOT_CLASS = YES_ERROR;
				CLANG_WARN_QUOTED_INCLUDE_IN_FRAMEWORK_HEADER = YES;
				CLANG_WARN_RANGE_LOOP_ANALYSIS = YES;
				CLANG_WARN_STRICT_PROTOTYPES = YES;
				CLANG_WARN_SUSPICIOUS_MOVE = YES;
				CLANG_WARN_UNGUARDED_AVAILABILITY = YES_AGGRESSIVE;
				CLANG_WARN_UNREACHABLE_CODE = YES;
				CLANG_WARN__DUPLICATE_METHOD_MATCH = YES;
				COPY_PHASE_STRIP = NO;
				DEBUG_INFORMATION_FORMAT = "dwarf-with-dsym";
				ENABLE_NS_ASSERTIONS = NO;
				ENABLE_STRICT_OBJC_MSGSEND = YES;
				ENABLE_USER_SCRIPT_SANDBOXING = YES;
				GCC_C_LANGUAGE_STANDARD = gnu17;
				GCC_NO_COMMON_BLOCKS = YES;
				GCC_WARN_64_TO_32_BIT_CONVERSION = YES;
				GCC_WARN_ABOUT_RETURN_TYPE = YES_ERROR;
				GCC_WARN_UNDECLARED_SELECTOR = YES;
				GCC_WARN_UNINITIALIZED_AUTOS = YES_AGGRESSIVE;
				GCC_WARN_UNUSED_FUNCTION = YES;
				GCC_WARN_UNUSED_VARIABLE = YES;
				IPHONEOS_DEPLOYMENT_TARGET = 26.2;
				LOCALIZATION_PREFERS_STRING_CATALOGS = YES;
				MTL_ENABLE_DEBUG_INFO = NO;
				MTL_FAST_MATH = YES;
				SDKROOT = iphoneos;
				SWIFT_COMPILATION_MODE = wholemodule;
				VALIDATE_PRODUCT = YES;
			};
			name = Release;
		};
		E1C958762F63C8A00078F1E4 /* Debug */ = {
			isa = XCBuildConfiguration;
			buildSettings = {
				ASSETCATALOG_COMPILER_APPICON_NAME = AppIcon;
				ASSETCATALOG_COMPILER_GLOBAL_ACCENT_COLOR_NAME = AccentColor;
				CODE_SIGN_STYLE = Automatic;
				CURRENT_PROJECT_VERSION = 1;
				ENABLE_PREVIEWS = YES;
				GENERATE_INFOPLIST_FILE = YES;
				INFOPLIST_FILE = SmartPhotoSearch/Info.plist;
				INFOPLIST_KEY_CFBundleDisplayName = "";
				INFOPLIST_KEY_LSApplicationCategoryType = "";
				INFOPLIST_KEY_NSCameraUsageDescription = "SmartPhotoSearch needs camera access to add new photos";
				INFOPLIST_KEY_NSPhotoLibraryUsageDescription = "SmartPhotoSearch needs access to your photos to display and search them.";
				INFOPLIST_KEY_UIApplicationSceneManifest_Generation = YES;
				INFOPLIST_KEY_UIApplicationSupportsIndirectInputEvents = YES;
				INFOPLIST_KEY_UILaunchScreen_Generation = YES;
				INFOPLIST_KEY_UISupportedInterfaceOrientations_iPad = "UIInterfaceOrientationPortrait UIInterfaceOrientationPortraitUpsideDown UIInterfaceOrientationLandscapeLeft UIInterfaceOrientationLandscapeRight";
				INFOPLIST_KEY_UISupportedInterfaceOrientations_iPhone = "UIInterfaceOrientationPortrait UIInterfaceOrientationLandscapeLeft UIInterfaceOrientationLandscapeRight";
				LD_RUNPATH_SEARCH_PATHS = (
					"$(inherited)",
					"@executable_path/Frameworks",
				);
				MARKETING_VERSION = 1.0;
				PRODUCT_BUNDLE_IDENTIFIER = Lam.SmartPhotoSearch;
				PRODUCT_NAME = "$(TARGET_NAME)";
				STRING_CATALOG_GENERATE_SYMBOLS = YES;
				SWIFT_APPROACHABLE_CONCURRENCY = YES;
				SWIFT_DEFAULT_ACTOR_ISOLATION = MainActor;
				SWIFT_EMIT_LOC_STRINGS = YES;
				SWIFT_UPCOMING_FEATURE_MEMBER_IMPORT_VISIBILITY = YES;
				SWIFT_VERSION = 5.0;
				TARGETED_DEVICE_FAMILY = "1,2";
			};
			name = Debug;
		};
		E1C958772F63C8A00078F1E4 /* Release */ = {
			isa = XCBuildConfiguration;
			buildSettings = {
				ASSETCATALOG_COMPILER_APPICON_NAME = AppIcon;
				ASSETCATALOG_COMPILER_GLOBAL_ACCENT_COLOR_NAME = AccentColor;
				CODE_SIGN_STYLE = Automatic;
				CURRENT_PROJECT_VERSION = 1;
				ENABLE_PREVIEWS = YES;
				GENERATE_INFOPLIST_FILE = YES;
				INFOPLIST_FILE = SmartPhotoSearch/Info.plist;
				INFOPLIST_KEY_CFBundleDisplayName = "";
				INFOPLIST_KEY_LSApplicationCategoryType = "";
				INFOPLIST_KEY_NSCameraUsageDescription = "SmartPhotoSearch needs camera access to add new photos";
				INFOPLIST_KEY_NSPhotoLibraryUsageDescription = "SmartPhotoSearch needs access to your photos to display and search them.";
				INFOPLIST_KEY_UIApplicationSceneManifest_Generation = YES;
				INFOPLIST_KEY_UIApplicationSupportsIndirectInputEvents = YES;
				INFOPLIST_KEY_UILaunchScreen_Generation = YES;
				INFOPLIST_KEY_UISupportedInterfaceOrientations_iPad = "UIInterfaceOrientationPortrait UIInterfaceOrientationPortraitUpsideDown UIInterfaceOrientationLandscapeLeft UIInterfaceOrientationLandscapeRight";
				INFOPLIST_KEY_UISupportedInterfaceOrientations_iPhone = "UIInterfaceOrientationPortrait UIInterfaceOrientationLandscapeLeft UIInterfaceOrientationLandscapeRight";
				LD_RUNPATH_SEARCH_PATHS = (
					"$(inherited)",
					"@executable_path/Frameworks",
				);
				MARKETING_VERSION = 1.0;
				PRODUCT_BUNDLE_IDENTIFIER = Lam.SmartPhotoSearch;
				PRODUCT_NAME = "$(TARGET_NAME)";
				STRING_CATALOG_GENERATE_SYMBOLS = YES;
				SWIFT_APPROACHABLE_CONCURRENCY = YES;
				SWIFT_DEFAULT_ACTOR_ISOLATION = MainActor;
				SWIFT_EMIT_LOC_STRINGS = YES;
				SWIFT_UPCOMING_FEATURE_MEMBER_IMPORT_VISIBILITY = YES;
				SWIFT_VERSION = 5.0;
				TARGETED_DEVICE_FAMILY = "1,2";
			};
			name = Release;
		};
		E1C958792F63C8A00078F1E4 /* Debug */ = {
			isa = XCBuildConfiguration;
			buildSettings = {
				BUNDLE_LOADER = "$(TEST_HOST)";
				CODE_SIGN_STYLE = Automatic;
				CURRENT_PROJECT_VERSION = 1;
				GENERATE_INFOPLIST_FILE = YES;
				IPHONEOS_DEPLOYMENT_TARGET = 26.2;
				MARKETING_VERSION = 1.0;
				PRODUCT_BUNDLE_IDENTIFIER = Lam.SmartPhotoSearchTests;
				PRODUCT_NAME = "$(TARGET_NAME)";
				STRING_CATALOG_GENERATE_SYMBOLS = NO;
				SWIFT_APPROACHABLE_CONCURRENCY = YES;
				SWIFT_EMIT_LOC_STRINGS = NO;
				SWIFT_UPCOMING_FEATURE_MEMBER_IMPORT_VISIBILITY = YES;
				SWIFT_VERSION = 5.0;
				TARGETED_DEVICE_FAMILY = "1,2";
				TEST_HOST = "$(BUILT_PRODUCTS_DIR)/SmartPhotoSearch.app/$(BUNDLE_EXECUTABLE_FOLDER_PATH)/SmartPhotoSearch";
			};
			name = Debug;
		};
		E1C9587A2F63C8A00078F1E4 /* Release */ = {
			isa = XCBuildConfiguration;
			buildSettings = {
				BUNDLE_LOADER = "$(TEST_HOST)";
				CODE_SIGN_STYLE = Automatic;
				CURRENT_PROJECT_VERSION = 1;
				GENERATE_INFOPLIST_FILE = YES;
				IPHONEOS_DEPLOYMENT_TARGET = 26.2;
				MARKETING_VERSION = 1.0;
				PRODUCT_BUNDLE_IDENTIFIER = Lam.SmartPhotoSearchTests;
				PRODUCT_NAME = "$(TARGET_NAME)";
				STRING_CATALOG_GENERATE_SYMBOLS = NO;
				SWIFT_APPROACHABLE_CONCURRENCY = YES;
				SWIFT_EMIT_LOC_STRINGS = NO;
				SWIFT_UPCOMING_FEATURE_MEMBER_IMPORT_VISIBILITY = YES;
				SWIFT_VERSION = 5.0;
				TARGETED_DEVICE_FAMILY = "1,2";
				TEST_HOST = "$(BUILT_PRODUCTS_DIR)/SmartPhotoSearch.app/$(BUNDLE_EXECUTABLE_FOLDER_PATH)/SmartPhotoSearch";
			};
			name = Release;
		};
		E1C9587C2F63C8A00078F1E4 /* Debug */ = {
			isa = XCBuildConfiguration;
			buildSettings = {
				CODE_SIGN_STYLE = Automatic;
				CURRENT_PROJECT_VERSION = 1;
				GENERATE_INFOPLIST_FILE = YES;
				MARKETING_VERSION = 1.0;
				PRODUCT_BUNDLE_IDENTIFIER = Lam.SmartPhotoSearchUITests;
				PRODUCT_NAME = "$(TARGET_NAME)";
				STRING_CATALOG_GENERATE_SYMBOLS = NO;
				SWIFT_APPROACHABLE_CONCURRENCY = YES;
				SWIFT_EMIT_LOC_STRINGS = NO;
				SWIFT_UPCOMING_FEATURE_MEMBER_IMPORT_VISIBILITY = YES;
				SWIFT_VERSION = 5.0;
				TARGETED_DEVICE_FAMILY = "1,2";
				TEST_TARGET_NAME = SmartPhotoSearch;
			};
			name = Debug;
		};
		E1C9587D2F63C8A00078F1E4 /* Release */ = {
			isa = XCBuildConfiguration;
			buildSettings = {
				CODE_SIGN_STYLE = Automatic;
				CURRENT_PROJECT_VERSION = 1;
				GENERATE_INFOPLIST_FILE = YES;
				MARKETING_VERSION = 1.0;
				PRODUCT_BUNDLE_IDENTIFIER = Lam.SmartPhotoSearchUITests;
				PRODUCT_NAME = "$(TARGET_NAME)";
				STRING_CATALOG_GENERATE_SYMBOLS = NO;
				SWIFT_APPROACHABLE_CONCURRENCY = YES;
				SWIFT_EMIT_LOC_STRINGS = NO;
				SWIFT_UPCOMING_FEATURE_MEMBER_IMPORT_VISIBILITY = YES;
				SWIFT_VERSION = 5.0;
				TARGETED_DEVICE_FAMILY = "1,2";
				TEST_TARGET_NAME = SmartPhotoSearch;
			};
			name = Release;
		};
/* End XCBuildConfiguration section */

/* Begin XCConfigurationList section */
		E1C9584F2F63C89D0078F1E4 /* Build configuration list for PBXProject "SmartPhotoSearch" */ = {
			isa = XCConfigurationList;
			buildConfigurations = (
				E1C958732F63C8A00078F1E4 /* Debug */,
				E1C958742F63C8A00078F1E4 /* Release */,
			);
			defaultConfigurationIsVisible = 0;
			defaultConfigurationName = Release;
		};
		E1C958752F63C8A00078F1E4 /* Build configuration list for PBXNativeTarget "SmartPhotoSearch" */ = {
			isa = XCConfigurationList;
			buildConfigurations = (
				E1C958762F63C8A00078F1E4 /* Debug */,
				E1C958772F63C8A00078F1E4 /* Release */,
			);
			defaultConfigurationIsVisible = 0;
			defaultConfigurationName = Release;
		};
		E1C958782F63C8A00078F1E4 /* Build configuration list for PBXNativeTarget "SmartPhotoSearchTests" */ = {
			isa = XCConfigurationList;
			buildConfigurations = (
				E1C958792F63C8A00078F1E4 /* Debug */,
				E1C9587A2F63C8A00078F1E4 /* Release */,
			);
			defaultConfigurationIsVisible = 0;
			defaultConfigurationName = Release;
		};
		E1C9587B2F63C8A00078F1E4 /* Build configuration list for PBXNativeTarget "SmartPhotoSearchUITests" */ = {
			isa = XCConfigurationList;
			buildConfigurations = (
				E1C9587C2F63C8A00078F1E4 /* Debug */,
				E1C9587D2F63C8A00078F1E4 /* Release */,
			);
			defaultConfigurationIsVisible = 0;
			defaultConfigurationName = Release;
		};
/* End XCConfigurationList section */

/* Begin XCRemoteSwiftPackageReference section */
		D22FC67D2F697BC700A8805D /* XCRemoteSwiftPackageReference "firebase-ios-sdk" */ = {
			isa = XCRemoteSwiftPackageReference;
			repositoryURL = "https://github.com/firebase/firebase-ios-sdk";
			requirement = {
				kind = upToNextMajorVersion;
				minimumVersion = 12.11.0;
			};
		};
/* End XCRemoteSwiftPackageReference section */

/* Begin XCSwiftPackageProductDependency section */
		D22FC67F2F697C4E00A8805D /* FirebaseAuth */ = {
			isa = XCSwiftPackageProductDependency;
			package = D22FC67D2F697BC700A8805D /* XCRemoteSwiftPackageReference "firebase-ios-sdk" */;
			productName = FirebaseAuth;
		};
		D22FC6812F697C5700A8805D /* FirebaseFirestore */ = {
			isa = XCSwiftPackageProductDependency;
			package = D22FC67D2F697BC700A8805D /* XCRemoteSwiftPackageReference "firebase-ios-sdk" */;
			productName = FirebaseFirestore;
		};
		D22FC6832F697C5C00A8805D /* FirebaseStorage */ = {
			isa = XCSwiftPackageProductDependency;
			package = D22FC67D2F697BC700A8805D /* XCRemoteSwiftPackageReference "firebase-ios-sdk" */;
			productName = FirebaseStorage;
		};
/* End XCSwiftPackageProductDependency section */
	};
	rootObject = E1C9584C2F63C89D0078F1E4 /* Project object */;
}
